
Microsoft Visual Studio Solution File, Format Version 12.00
# Visual Studio Version 17
VisualStudioVersion = 17.3.32825.248
MinimumVisualStudioVersion = 10.0.40219.1
Project("{FAE04EC0-301F-11D3-BF4B-00C04F79EFBC}") = "TheatreSeatAllocationTest", "TheatreSeatAllocationTest\TheatreSeatAllocationTest.csproj", "{82310795-66AB-41DB-AE22-3AE6ECA290A3}"
EndProject
Global
	GlobalSection(SolutionConfigurationPlatforms) = preSolution
		Debug|Any CPU = Debug|Any CPU
		Release|Any CPU = Release|Any CPU
	EndGlobalSection
	GlobalSection(ProjectConfigurationPlatforms) = postSolution
		{82310795-66AB-41DB-AE22-3AE6ECA290A3}.Debug|Any CPU.ActiveCfg = Debug|Any CPU
		{82310795-66AB-41DB-AE22-3AE6ECA290A3}.Debug|Any CPU.Build.0 = Debug|Any CPU
		{82310795-66AB-41DB-AE22-3AE6ECA290A3}.Release|Any CPU.ActiveCfg = Release|Any CPU
		{82310795-66AB-41DB-AE22-3AE6ECA290A3}.Release|Any CPU.Build.0 = Release|Any CPU
	EndGlobalSection
	GlobalSection(SolutionProperties) = preSolution
		HideSolutionNode = FALSE
	EndGlobalSection
	GlobalSection(ExtensibilityGlobals) = postSolution
		SolutionGuid = {5F160FB2-EC7E-445B-9ACC-24C0823622F0}
	EndGlobalSection
EndGlobal
